
Microsoft Visual Studio Solution File, Format Version 12.00
# Visual Studio 14
VisualStudioVersion = 14.0.24720.0
MinimumVisualStudioVersion = 10.0.40219.1
Project("{888888A0-9F3D-457C-B088-3A5042F75D52}") = "DjangoWebProjectVS", "DjangoWebProjectVS\DjangoWebProjectVS.pyproj", "{AC4732DB-B457-41EE-A9E2-DAE2F5BD913D}"
EndProject
Global
	GlobalSection(SolutionConfigurationPlatforms) = preSolution
		Debug|Any CPU = Debug|Any CPU
		Release|Any CPU = Release|Any CPU
	EndGlobalSection
	GlobalSection(ProjectConfigurationPlatforms) = postSolution
		{AC4732DB-B457-41EE-A9E2-DAE2F5BD913D}.Debug|Any CPU.ActiveCfg = Debug|Any CPU
		{AC4732DB-B457-41EE-A9E2-DAE2F5BD913D}.Debug|Any CPU.Build.0 = Debug|Any CPU
		{AC4732DB-B457-41EE-A9E2-DAE2F5BD913D}.Release|Any CPU.ActiveCfg = Release|Any CPU
		{AC4732DB-B457-41EE-A9E2-DAE2F5BD913D}.Release|Any CPU.Build.0 = Release|Any CPU
	EndGlobalSection
	GlobalSection(SolutionProperties) = preSolution
		HideSolutionNode = FALSE
	EndGlobalSection
EndGlobal
